# THIS IS AN AUTOGENERATED FILE. DO NOT EDIT THIS FILE DIRECTLY.
# yarn lockfile v1


typescript-language-server@^5.0.0:
  version "5.0.0"
  resolved "https://registry.yarnpkg.com/typescript-language-server/-/typescript-language-server-5.0.0.tgz#3a4dc27904a6fd9487eef377c796535399c7c2ae"
  integrity sha512-Glr+4Ss9g6AupBPj3tnk3mrlSH1ROS2Zmr5h0Vmy3DA+MVq+5qq4tv4+SogB8VsEZ13Z9xU01zm54MMyI7Gdzw==
